
Microsoft Visual Studio Solution File, Format Version 12.00
# Visual Studio Version 16
VisualStudioVersion = 16.0.30114.105
MinimumVisualStudioVersion = 10.0.40219.1
Project("{FAE04EC0-301F-11D3-BF4B-00C04F79EFBC}") = "console", "console\console.csproj", "{5452E0C6-EA9F-4130-98CC-97F6F0F0EAF0}"
EndProject
Project("{FAE04EC0-301F-11D3-BF4B-00C04F79EFBC}") = "Warehouse.AspNetCore", "Warehouse.AspNetCore\Warehouse.AspNetCore.csproj", "{1F367336-D2E0-48A1-A000-458E19B63A45}"
EndProject
Global
	GlobalSection(SolutionConfigurationPlatforms) = preSolution
		Debug|Any CPU = Debug|Any CPU
		Release|Any CPU = Release|Any CPU
	EndGlobalSection
	GlobalSection(ProjectConfigurationPlatforms) = postSolution
		{5452E0C6-EA9F-4130-98CC-97F6F0F0EAF0}.Debug|Any CPU.ActiveCfg = Debug|Any CPU
		{5452E0C6-EA9F-4130-98CC-97F6F0F0EAF0}.Debug|Any CPU.Build.0 = Debug|Any CPU
		{5452E0C6-EA9F-4130-98CC-97F6F0F0EAF0}.Release|Any CPU.ActiveCfg = Release|Any CPU
		{5452E0C6-EA9F-4130-98CC-97F6F0F0EAF0}.Release|Any CPU.Build.0 = Release|Any CPU
		{1F367336-D2E0-48A1-A000-458E19B63A45}.Debug|Any CPU.ActiveCfg = Debug|Any CPU
		{1F367336-D2E0-48A1-A000-458E19B63A45}.Debug|Any CPU.Build.0 = Debug|Any CPU
		{1F367336-D2E0-48A1-A000-458E19B63A45}.Release|Any CPU.ActiveCfg = Release|Any CPU
		{1F367336-D2E0-48A1-A000-458E19B63A45}.Release|Any CPU.Build.0 = Release|Any CPU
	EndGlobalSection
	GlobalSection(SolutionProperties) = preSolution
		HideSolutionNode = FALSE
	EndGlobalSection
	GlobalSection(ExtensibilityGlobals) = postSolution
		SolutionGuid = {9FA727A2-D7FB-4814-B4FD-001DA34A50F0}
	EndGlobalSection
EndGlobal
